Microsoft Visual Studio Solution File, Format Version 11.00
# Visual Studio 2010
Project("{8BC9CEB8-8B4A-11D0-8D11-00A0C91BC942}") = "ALL_BUILD", "ALL_BUILD.vcxproj", "{359339D5-3913-4414-BBB3-99D71C6F0E28}"
	ProjectSection(ProjectDependencies) = postProject
		{E9CCD8E1-2F14-49D7-A72F-A8DEC004A3AD} = {E9CCD8E1-2F14-49D7-A72F-A8DEC004A3AD}
		{07FE7D05-147E-4829-A28A-9196CAA956FA} = {07FE7D05-147E-4829-A28A-9196CAA956FA}
	EndProjectSection
EndProject
Project("{8BC9CEB8-8B4A-11D0-8D11-00A0C91BC942}") = "ZERO_CHECK", "ZERO_CHECK.vcxproj", "{E9CCD8E1-2F14-49D7-A72F-A8DEC004A3AD}"
	ProjectSection(ProjectDependencies) = postProject
	EndProjectSection
EndProject
Project("{8BC9CEB8-8B4A-11D0-8D11-00A0C91BC942}") = "intelihubclient", "intelihubclient.vcxproj", "{07FE7D05-147E-4829-A28A-9196CAA956FA}"
	ProjectSection(ProjectDependencies) = postProject
		{E9CCD8E1-2F14-49D7-A72F-A8DEC004A3AD} = {E9CCD8E1-2F14-49D7-A72F-A8DEC004A3AD}
	EndProjectSection
EndProject
Global
	GlobalSection(SolutionConfigurationPlatforms) = preSolution
		Debug|Win32 = Debug|Win32
		Release|Win32 = Release|Win32
		MinSizeRel|Win32 = MinSizeRel|Win32
		RelWithDebInfo|Win32 = RelWithDebInfo|Win32
	EndGlobalSection
	GlobalSection(ProjectConfigurationPlatforms) = postSolution
		{359339D5-3913-4414-BBB3-99D71C6F0E28}.Debug|Win32.ActiveCfg = Debug|Win32
		{359339D5-3913-4414-BBB3-99D71C6F0E28}.Release|Win32.ActiveCfg = Release|Win32
		{359339D5-3913-4414-BBB3-99D71C6F0E28}.MinSizeRel|Win32.ActiveCfg = MinSizeRel|Win32
		{359339D5-3913-4414-BBB3-99D71C6F0E28}.RelWithDebInfo|Win32.ActiveCfg = RelWithDebInfo|Win32
		{E9CCD8E1-2F14-49D7-A72F-A8DEC004A3AD}.Debug|Win32.ActiveCfg = Debug|Win32
		{E9CCD8E1-2F14-49D7-A72F-A8DEC004A3AD}.Debug|Win32.Build.0 = Debug|Win32
		{E9CCD8E1-2F14-49D7-A72F-A8DEC004A3AD}.Release|Win32.ActiveCfg = Release|Win32
		{E9CCD8E1-2F14-49D7-A72F-A8DEC004A3AD}.Release|Win32.Build.0 = Release|Win32
		{E9CCD8E1-2F14-49D7-A72F-A8DEC004A3AD}.MinSizeRel|Win32.ActiveCfg = MinSizeRel|Win32
		{E9CCD8E1-2F14-49D7-A72F-A8DEC004A3AD}.MinSizeRel|Win32.Build.0 = MinSizeRel|Win32
		{E9CCD8E1-2F14-49D7-A72F-A8DEC004A3AD}.RelWithDebInfo|Win32.ActiveCfg = RelWithDebInfo|Win32
		{E9CCD8E1-2F14-49D7-A72F-A8DEC004A3AD}.RelWithDebInfo|Win32.Build.0 = RelWithDebInfo|Win32
		{07FE7D05-147E-4829-A28A-9196CAA956FA}.Debug|Win32.ActiveCfg = Debug|Win32
		{07FE7D05-147E-4829-A28A-9196CAA956FA}.Debug|Win32.Build.0 = Debug|Win32
		{07FE7D05-147E-4829-A28A-9196CAA956FA}.Release|Win32.ActiveCfg = Release|Win32
		{07FE7D05-147E-4829-A28A-9196CAA956FA}.Release|Win32.Build.0 = Release|Win32
		{07FE7D05-147E-4829-A28A-9196CAA956FA}.MinSizeRel|Win32.ActiveCfg = MinSizeRel|Win32
		{07FE7D05-147E-4829-A28A-9196CAA956FA}.MinSizeRel|Win32.Build.0 = MinSizeRel|Win32
		{07FE7D05-147E-4829-A28A-9196CAA956FA}.RelWithDebInfo|Win32.ActiveCfg = RelWithDebInfo|Win32
		{07FE7D05-147E-4829-A28A-9196CAA956FA}.RelWithDebInfo|Win32.Build.0 = RelWithDebInfo|Win32
	EndGlobalSection
	GlobalSection(ExtensibilityGlobals) = postSolution
	EndGlobalSection
	GlobalSection(ExtensibilityAddIns) = postSolution
	EndGlobalSection
EndGlobal
