<?xml version="1.0" encoding="utf-8"?>
<Project ToolsVersion="4.0" xmlns="http://schemas.microsoft.com/developer/msbuild/2003">
  <ItemGroup>
    <ClCompile Include="..\..\client\c\tioclient.c" />
    <ClCompile Include="Command.cpp" />
    <ClCompile Include="ContainerManager.cpp" />
    <ClCompile Include="pch.cpp" />
    <ClCompile Include="tio.cpp" />
    <ClCompile Include="TioPython.cpp" />
    <ClCompile Include="TioTcpServer.cpp" />
    <ClCompile Include="TioTcpSession.cpp" />
    <ClCompile Include="..\..\submodules\http-parser\http_parser.c">
      <Filter>protocols\http</Filter>
    </ClCompile>
  </ItemGroup>
  <ItemGroup>
    <ClInclude Include="auth.h" />
    <ClInclude Include="buffer.h" />
    <ClInclude Include="Command.h" />
    <ClInclude Include="Container.h" />
    <ClInclude Include="ContainerManager.h" />
    <ClInclude Include="logdb.h" />
    <ClInclude Include="MemoryPropertyMap.h" />
    <ClInclude Include="MemoryStorage.h" />
    <ClInclude Include="pch.h" />
    <ClInclude Include="resource.h" />
    <ClInclude Include="TioPython.h" />
    <ClInclude Include="TioTcpClient.h" />
    <ClInclude Include="TioTcpProtocol.h" />
    <ClInclude Include="TioTcpServer.h" />
    <ClInclude Include="TioTcpSession.h" />
    <ClInclude Include="VectorStorage.h" />
    <ClInclude Include="HttpParser.h">
      <Filter>protocols\http</Filter>
    </ClInclude>
    <ClInclude Include="BdbStorage.h">
      <Filter>Storage</Filter>
    </ClInclude>
    <ClInclude Include="ListStorage.h">
      <Filter>Storage</Filter>
    </ClInclude>
    <ClInclude Include="FileSystemStorage.h">
      <Filter>Storage</Filter>
    </ClInclude>
    <ClInclude Include="LogDbStorage.h">
      <Filter>Storage</Filter>
    </ClInclude>
    <ClInclude Include="MapStorage.h">
      <Filter>Storage</Filter>
    </ClInclude>
  </ItemGroup>
  <ItemGroup>
    <ResourceCompile Include="tioserver.rc" />
  </ItemGroup>
  <ItemGroup>
    <None Include="packages.config" />
  </ItemGroup>
  <ItemGroup>
    <Filter Include="protocols">
      <UniqueIdentifier>{53bf1fc2-18f5-4921-bff4-6535d7f01f80}</UniqueIdentifier>
    </Filter>
    <Filter Include="protocols\http">
      <UniqueIdentifier>{b80d2a31-fbc9-4a8c-9fc5-77dde9a43040}</UniqueIdentifier>
    </Filter>
    <Filter Include="Storage">
      <UniqueIdentifier>{24d65237-d5c3-4884-a20e-d2321b1a6c08}</UniqueIdentifier>
    </Filter>
  </ItemGroup>
</Project>