
Microsoft Visual Studio Solution File, Format Version 11.00
# Visual Studio 2010
Project("{8BC9CEB8-8B4A-11D0-8D11-00A0C91BC942}") = "tioclient", "tioclient.vcxproj", "{ADE00886-E163-4A48-BCFF-687154FBEEFD}"
EndProject
Project("{8BC9CEB8-8B4A-11D0-8D11-00A0C91BC942}") = "tioclient_test", "tioclient_test\tioclient_test.vcxproj", "{13BE75E8-C7AC-4D8A-8B97-DAE7FF5AD4AC}"
	ProjectSection(ProjectDependencies) = postProject
		{ADE00886-E163-4A48-BCFF-687154FBEEFD} = {ADE00886-E163-4A48-BCFF-687154FBEEFD}
	EndProjectSection
EndProject
Global
	GlobalSection(SolutionConfigurationPlatforms) = preSolution
		Debug|Win32 = Debug|Win32
		Release|Win32 = Release|Win32
	EndGlobalSection
	GlobalSection(ProjectConfigurationPlatforms) = postSolution
		{ADE00886-E163-4A48-BCFF-687154FBEEFD}.Debug|Win32.ActiveCfg = Debug|Win32
		{ADE00886-E163-4A48-BCFF-687154FBEEFD}.Debug|Win32.Build.0 = Debug|Win32
		{ADE00886-E163-4A48-BCFF-687154FBEEFD}.Release|Win32.ActiveCfg = Release|Win32
		{ADE00886-E163-4A48-BCFF-687154FBEEFD}.Release|Win32.Build.0 = Release|Win32
		{13BE75E8-C7AC-4D8A-8B97-DAE7FF5AD4AC}.Debug|Win32.ActiveCfg = Debug|Win32
		{13BE75E8-C7AC-4D8A-8B97-DAE7FF5AD4AC}.Debug|Win32.Build.0 = Debug|Win32
		{13BE75E8-C7AC-4D8A-8B97-DAE7FF5AD4AC}.Release|Win32.ActiveCfg = Release|Win32
		{13BE75E8-C7AC-4D8A-8B97-DAE7FF5AD4AC}.Release|Win32.Build.0 = Release|Win32
	EndGlobalSection
	GlobalSection(SolutionProperties) = preSolution
		HideSolutionNode = FALSE
	EndGlobalSection
EndGlobal
