
Microsoft Visual Studio Solution File, Format Version 11.00
# Visual Studio 2010
Project("{FAE04EC0-301F-11D3-BF4B-00C04F79EFBC}") = "InteliHubExplorer", "InteliHubExplorer.csproj", "{8BCE8B73-81A6-4504-A637-D32D126A3D98}"
EndProject
Project("{FAE04EC0-301F-11D3-BF4B-00C04F79EFBC}") = "InteliHubClientClr", "..\InteliHubClientClr\InteliHubClientClr.csproj", "{316741CB-984F-46D3-A7C9-AA741AC054D1}"
	ProjectSection(ProjectDependencies) = postProject
		{40ADD8F0-58A2-4E92-A8CB-FB7CB1BEA20F} = {40ADD8F0-58A2-4E92-A8CB-FB7CB1BEA20F}
	EndProjectSection
EndProject
Project("{8BC9CEB8-8B4A-11D0-8D11-00A0C91BC942}") = "InteliHubClientDll", "..\InteliHubClientDll\InteliHubClientDll.vcxproj", "{40ADD8F0-58A2-4E92-A8CB-FB7CB1BEA20F}"
EndProject
Global
	GlobalSection(SolutionConfigurationPlatforms) = preSolution
		Debug x64|Any CPU = Debug x64|Any CPU
		Debug x64|Mixed Platforms = Debug x64|Mixed Platforms
		Debug x64|Win32 = Debug x64|Win32
		Debug x64|x64 = Debug x64|x64
		Debug x64|x86 = Debug x64|x86
		Debug|Any CPU = Debug|Any CPU
		Debug|Mixed Platforms = Debug|Mixed Platforms
		Debug|Win32 = Debug|Win32
		Debug|x64 = Debug|x64
		Debug|x86 = Debug|x86
		MinSizeRel|Any CPU = MinSizeRel|Any CPU
		MinSizeRel|Mixed Platforms = MinSizeRel|Mixed Platforms
		MinSizeRel|Win32 = MinSizeRel|Win32
		MinSizeRel|x64 = MinSizeRel|x64
		MinSizeRel|x86 = MinSizeRel|x86
		Release_x64|Any CPU = Release_x64|Any CPU
		Release_x64|Mixed Platforms = Release_x64|Mixed Platforms
		Release_x64|Win32 = Release_x64|Win32
		Release_x64|x64 = Release_x64|x64
		Release_x64|x86 = Release_x64|x86
		Release|Any CPU = Release|Any CPU
		Release|Mixed Platforms = Release|Mixed Platforms
		Release|Win32 = Release|Win32
		Release|x64 = Release|x64
		Release|x86 = Release|x86
		RelWithDebInfo|Any CPU = RelWithDebInfo|Any CPU
		RelWithDebInfo|Mixed Platforms = RelWithDebInfo|Mixed Platforms
		RelWithDebInfo|Win32 = RelWithDebInfo|Win32
		RelWithDebInfo|x64 = RelWithDebInfo|x64
		RelWithDebInfo|x86 = RelWithDebInfo|x86
	EndGlobalSection
	GlobalSection(ProjectConfigurationPlatforms) = postSolution
		{8BCE8B73-81A6-4504-A637-D32D126A3D98}.Debug x64|Any CPU.ActiveCfg = Debug|x86
		{8BCE8B73-81A6-4504-A637-D32D126A3D98}.Debug x64|Mixed Platforms.ActiveCfg = Debug|x86
		{8BCE8B73-81A6-4504-A637-D32D126A3D98}.Debug x64|Mixed Platforms.Build.0 = Debug|x86
		{8BCE8B73-81A6-4504-A637-D32D126A3D98}.Debug x64|Win32.ActiveCfg = Debug|x86
		{8BCE8B73-81A6-4504-A637-D32D126A3D98}.Debug x64|x64.ActiveCfg = Debug|x86
		{8BCE8B73-81A6-4504-A637-D32D126A3D98}.Debug x64|x86.ActiveCfg = Debug|x86
		{8BCE8B73-81A6-4504-A637-D32D126A3D98}.Debug x64|x86.Build.0 = Debug|x86
		{8BCE8B73-81A6-4504-A637-D32D126A3D98}.Debug|Any CPU.ActiveCfg = Debug|x86
		{8BCE8B73-81A6-4504-A637-D32D126A3D98}.Debug|Mixed Platforms.ActiveCfg = Debug|x86
		{8BCE8B73-81A6-4504-A637-D32D126A3D98}.Debug|Mixed Platforms.Build.0 = Debug|x86
		{8BCE8B73-81A6-4504-A637-D32D126A3D98}.Debug|Win32.ActiveCfg = Debug|x86
		{8BCE8B73-81A6-4504-A637-D32D126A3D98}.Debug|x64.ActiveCfg = Debug|x86
		{8BCE8B73-81A6-4504-A637-D32D126A3D98}.Debug|x86.ActiveCfg = Debug|x86
		{8BCE8B73-81A6-4504-A637-D32D126A3D98}.Debug|x86.Build.0 = Debug|x86
		{8BCE8B73-81A6-4504-A637-D32D126A3D98}.MinSizeRel|Any CPU.ActiveCfg = Release|x86
		{8BCE8B73-81A6-4504-A637-D32D126A3D98}.MinSizeRel|Mixed Platforms.ActiveCfg = Release|x86
		{8BCE8B73-81A6-4504-A637-D32D126A3D98}.MinSizeRel|Mixed Platforms.Build.0 = Release|x86
		{8BCE8B73-81A6-4504-A637-D32D126A3D98}.MinSizeRel|Win32.ActiveCfg = Release|x86
		{8BCE8B73-81A6-4504-A637-D32D126A3D98}.MinSizeRel|x64.ActiveCfg = Release|x86
		{8BCE8B73-81A6-4504-A637-D32D126A3D98}.MinSizeRel|x86.ActiveCfg = Release|x86
		{8BCE8B73-81A6-4504-A637-D32D126A3D98}.MinSizeRel|x86.Build.0 = Release|x86
		{8BCE8B73-81A6-4504-A637-D32D126A3D98}.Release_x64|Any CPU.ActiveCfg = Release|x86
		{8BCE8B73-81A6-4504-A637-D32D126A3D98}.Release_x64|Mixed Platforms.ActiveCfg = Release|x86
		{8BCE8B73-81A6-4504-A637-D32D126A3D98}.Release_x64|Mixed Platforms.Build.0 = Release|x86
		{8BCE8B73-81A6-4504-A637-D32D126A3D98}.Release_x64|Win32.ActiveCfg = Release|x86
		{8BCE8B73-81A6-4504-A637-D32D126A3D98}.Release_x64|x64.ActiveCfg = Release|x86
		{8BCE8B73-81A6-4504-A637-D32D126A3D98}.Release_x64|x86.ActiveCfg = Release|x86
		{8BCE8B73-81A6-4504-A637-D32D126A3D98}.Release_x64|x86.Build.0 = Release|x86
		{8BCE8B73-81A6-4504-A637-D32D126A3D98}.Release|Any CPU.ActiveCfg = Release|x86
		{8BCE8B73-81A6-4504-A637-D32D126A3D98}.Release|Mixed Platforms.ActiveCfg = Release|x86
		{8BCE8B73-81A6-4504-A637-D32D126A3D98}.Release|Mixed Platforms.Build.0 = Release|x86
		{8BCE8B73-81A6-4504-A637-D32D126A3D98}.Release|Win32.ActiveCfg = Release|x86
		{8BCE8B73-81A6-4504-A637-D32D126A3D98}.Release|x64.ActiveCfg = Release|x86
		{8BCE8B73-81A6-4504-A637-D32D126A3D98}.Release|x86.ActiveCfg = Release|x86
		{8BCE8B73-81A6-4504-A637-D32D126A3D98}.Release|x86.Build.0 = Release|x86
		{8BCE8B73-81A6-4504-A637-D32D126A3D98}.RelWithDebInfo|Any CPU.ActiveCfg = Release|x86
		{8BCE8B73-81A6-4504-A637-D32D126A3D98}.RelWithDebInfo|Mixed Platforms.ActiveCfg = Release|x86
		{8BCE8B73-81A6-4504-A637-D32D126A3D98}.RelWithDebInfo|Mixed Platforms.Build.0 = Release|x86
		{8BCE8B73-81A6-4504-A637-D32D126A3D98}.RelWithDebInfo|Win32.ActiveCfg = Release|x86
		{8BCE8B73-81A6-4504-A637-D32D126A3D98}.RelWithDebInfo|x64.ActiveCfg = Release|x86
		{8BCE8B73-81A6-4504-A637-D32D126A3D98}.RelWithDebInfo|x86.ActiveCfg = Release|x86
		{8BCE8B73-81A6-4504-A637-D32D126A3D98}.RelWithDebInfo|x86.Build.0 = Release|x86
		{316741CB-984F-46D3-A7C9-AA741AC054D1}.Debug x64|Any CPU.ActiveCfg = Debug|Any CPU
		{316741CB-984F-46D3-A7C9-AA741AC054D1}.Debug x64|Any CPU.Build.0 = Debug|Any CPU
		{316741CB-984F-46D3-A7C9-AA741AC054D1}.Debug x64|Mixed Platforms.ActiveCfg = Debug|Any CPU
		{316741CB-984F-46D3-A7C9-AA741AC054D1}.Debug x64|Mixed Platforms.Build.0 = Debug|Any CPU
		{316741CB-984F-46D3-A7C9-AA741AC054D1}.Debug x64|Win32.ActiveCfg = Debug|Any CPU
		{316741CB-984F-46D3-A7C9-AA741AC054D1}.Debug x64|x64.ActiveCfg = Debug|Any CPU
		{316741CB-984F-46D3-A7C9-AA741AC054D1}.Debug x64|x86.ActiveCfg = Debug|Any CPU
		{316741CB-984F-46D3-A7C9-AA741AC054D1}.Debug|Any CPU.ActiveCfg = Debug|Any CPU
		{316741CB-984F-46D3-A7C9-AA741AC054D1}.Debug|Any CPU.Build.0 = Debug|Any CPU
		{316741CB-984F-46D3-A7C9-AA741AC054D1}.Debug|Mixed Platforms.ActiveCfg = Debug|Any CPU
		{316741CB-984F-46D3-A7C9-AA741AC054D1}.Debug|Mixed Platforms.Build.0 = Debug|Any CPU
		{316741CB-984F-46D3-A7C9-AA741AC054D1}.Debug|Win32.ActiveCfg = Debug|Any CPU
		{316741CB-984F-46D3-A7C9-AA741AC054D1}.Debug|x64.ActiveCfg = Debug|Any CPU
		{316741CB-984F-46D3-A7C9-AA741AC054D1}.Debug|x86.ActiveCfg = Debug|Any CPU
		{316741CB-984F-46D3-A7C9-AA741AC054D1}.MinSizeRel|Any CPU.ActiveCfg = Release|Any CPU
		{316741CB-984F-46D3-A7C9-AA741AC054D1}.MinSizeRel|Any CPU.Build.0 = Release|Any CPU
		{316741CB-984F-46D3-A7C9-AA741AC054D1}.MinSizeRel|Mixed Platforms.ActiveCfg = Release|Any CPU
		{316741CB-984F-46D3-A7C9-AA741AC054D1}.MinSizeRel|Mixed Platforms.Build.0 = Release|Any CPU
		{316741CB-984F-46D3-A7C9-AA741AC054D1}.MinSizeRel|Win32.ActiveCfg = Release|Any CPU
		{316741CB-984F-46D3-A7C9-AA741AC054D1}.MinSizeRel|x64.ActiveCfg = Release|Any CPU
		{316741CB-984F-46D3-A7C9-AA741AC054D1}.MinSizeRel|x86.ActiveCfg = Release|Any CPU
		{316741CB-984F-46D3-A7C9-AA741AC054D1}.Release_x64|Any CPU.ActiveCfg = Release|Any CPU
		{316741CB-984F-46D3-A7C9-AA741AC054D1}.Release_x64|Any CPU.Build.0 = Release|Any CPU
		{316741CB-984F-46D3-A7C9-AA741AC054D1}.Release_x64|Mixed Platforms.ActiveCfg = Release|Any CPU
		{316741CB-984F-46D3-A7C9-AA741AC054D1}.Release_x64|Mixed Platforms.Build.0 = Release|Any CPU
		{316741CB-984F-46D3-A7C9-AA741AC054D1}.Release_x64|Win32.ActiveCfg = Release|Any CPU
		{316741CB-984F-46D3-A7C9-AA741AC054D1}.Release_x64|x64.ActiveCfg = Release|Any CPU
		{316741CB-984F-46D3-A7C9-AA741AC054D1}.Release_x64|x86.ActiveCfg = Release|Any CPU
		{316741CB-984F-46D3-A7C9-AA741AC054D1}.Release|Any CPU.ActiveCfg = Release|Any CPU
		{316741CB-984F-46D3-A7C9-AA741AC054D1}.Release|Any CPU.Build.0 = Release|Any CPU
		{316741CB-984F-46D3-A7C9-AA741AC054D1}.Release|Mixed Platforms.ActiveCfg = Release|Any CPU
		{316741CB-984F-46D3-A7C9-AA741AC054D1}.Release|Mixed Platforms.Build.0 = Release|Any CPU
		{316741CB-984F-46D3-A7C9-AA741AC054D1}.Release|Win32.ActiveCfg = Release|Any CPU
		{316741CB-984F-46D3-A7C9-AA741AC054D1}.Release|x64.ActiveCfg = Release|Any CPU
		{316741CB-984F-46D3-A7C9-AA741AC054D1}.Release|x86.ActiveCfg = Release|Any CPU
		{316741CB-984F-46D3-A7C9-AA741AC054D1}.RelWithDebInfo|Any CPU.ActiveCfg = Release|Any CPU
		{316741CB-984F-46D3-A7C9-AA741AC054D1}.RelWithDebInfo|Any CPU.Build.0 = Release|Any CPU
		{316741CB-984F-46D3-A7C9-AA741AC054D1}.RelWithDebInfo|Mixed Platforms.ActiveCfg = Release|Any CPU
		{316741CB-984F-46D3-A7C9-AA741AC054D1}.RelWithDebInfo|Mixed Platforms.Build.0 = Release|Any CPU
		{316741CB-984F-46D3-A7C9-AA741AC054D1}.RelWithDebInfo|Win32.ActiveCfg = Release|Any CPU
		{316741CB-984F-46D3-A7C9-AA741AC054D1}.RelWithDebInfo|x64.ActiveCfg = Release|Any CPU
		{316741CB-984F-46D3-A7C9-AA741AC054D1}.RelWithDebInfo|x86.ActiveCfg = Release|Any CPU
		{40ADD8F0-58A2-4E92-A8CB-FB7CB1BEA20F}.Debug x64|Any CPU.ActiveCfg = Debug|Win32
		{40ADD8F0-58A2-4E92-A8CB-FB7CB1BEA20F}.Debug x64|Mixed Platforms.ActiveCfg = Debug|Win32
		{40ADD8F0-58A2-4E92-A8CB-FB7CB1BEA20F}.Debug x64|Mixed Platforms.Build.0 = Debug|Win32
		{40ADD8F0-58A2-4E92-A8CB-FB7CB1BEA20F}.Debug x64|Win32.ActiveCfg = Debug|Win32
		{40ADD8F0-58A2-4E92-A8CB-FB7CB1BEA20F}.Debug x64|Win32.Build.0 = Debug|Win32
		{40ADD8F0-58A2-4E92-A8CB-FB7CB1BEA20F}.Debug x64|x64.ActiveCfg = Debug|Win32
		{40ADD8F0-58A2-4E92-A8CB-FB7CB1BEA20F}.Debug x64|x86.ActiveCfg = Debug|Win32
		{40ADD8F0-58A2-4E92-A8CB-FB7CB1BEA20F}.Debug|Any CPU.ActiveCfg = Debug|Win32
		{40ADD8F0-58A2-4E92-A8CB-FB7CB1BEA20F}.Debug|Mixed Platforms.ActiveCfg = Debug|Win32
		{40ADD8F0-58A2-4E92-A8CB-FB7CB1BEA20F}.Debug|Mixed Platforms.Build.0 = Debug|Win32
		{40ADD8F0-58A2-4E92-A8CB-FB7CB1BEA20F}.Debug|Win32.ActiveCfg = Debug|Win32
		{40ADD8F0-58A2-4E92-A8CB-FB7CB1BEA20F}.Debug|Win32.Build.0 = Debug|Win32
		{40ADD8F0-58A2-4E92-A8CB-FB7CB1BEA20F}.Debug|x64.ActiveCfg = Debug|Win32
		{40ADD8F0-58A2-4E92-A8CB-FB7CB1BEA20F}.Debug|x86.ActiveCfg = Debug|Win32
		{40ADD8F0-58A2-4E92-A8CB-FB7CB1BEA20F}.MinSizeRel|Any CPU.ActiveCfg = Release|Win32
		{40ADD8F0-58A2-4E92-A8CB-FB7CB1BEA20F}.MinSizeRel|Mixed Platforms.ActiveCfg = Release|Win32
		{40ADD8F0-58A2-4E92-A8CB-FB7CB1BEA20F}.MinSizeRel|Mixed Platforms.Build.0 = Release|Win32
		{40ADD8F0-58A2-4E92-A8CB-FB7CB1BEA20F}.MinSizeRel|Win32.ActiveCfg = Release|Win32
		{40ADD8F0-58A2-4E92-A8CB-FB7CB1BEA20F}.MinSizeRel|Win32.Build.0 = Release|Win32
		{40ADD8F0-58A2-4E92-A8CB-FB7CB1BEA20F}.MinSizeRel|x64.ActiveCfg = Release|Win32
		{40ADD8F0-58A2-4E92-A8CB-FB7CB1BEA20F}.MinSizeRel|x86.ActiveCfg = Release|Win32
		{40ADD8F0-58A2-4E92-A8CB-FB7CB1BEA20F}.Release_x64|Any CPU.ActiveCfg = Release|Win32
		{40ADD8F0-58A2-4E92-A8CB-FB7CB1BEA20F}.Release_x64|Mixed Platforms.ActiveCfg = Release|Win32
		{40ADD8F0-58A2-4E92-A8CB-FB7CB1BEA20F}.Release_x64|Mixed Platforms.Build.0 = Release|Win32
		{40ADD8F0-58A2-4E92-A8CB-FB7CB1BEA20F}.Release_x64|Win32.ActiveCfg = Release|Win32
		{40ADD8F0-58A2-4E92-A8CB-FB7CB1BEA20F}.Release_x64|Win32.Build.0 = Release|Win32
		{40ADD8F0-58A2-4E92-A8CB-FB7CB1BEA20F}.Release_x64|x64.ActiveCfg = Release|Win32
		{40ADD8F0-58A2-4E92-A8CB-FB7CB1BEA20F}.Release_x64|x86.ActiveCfg = Release|Win32
		{40ADD8F0-58A2-4E92-A8CB-FB7CB1BEA20F}.Release|Any CPU.ActiveCfg = Release|Win32
		{40ADD8F0-58A2-4E92-A8CB-FB7CB1BEA20F}.Release|Mixed Platforms.ActiveCfg = Release|Win32
		{40ADD8F0-58A2-4E92-A8CB-FB7CB1BEA20F}.Release|Mixed Platforms.Build.0 = Release|Win32
		{40ADD8F0-58A2-4E92-A8CB-FB7CB1BEA20F}.Release|Win32.ActiveCfg = Release|Win32
		{40ADD8F0-58A2-4E92-A8CB-FB7CB1BEA20F}.Release|Win32.Build.0 = Release|Win32
		{40ADD8F0-58A2-4E92-A8CB-FB7CB1BEA20F}.Release|x64.ActiveCfg = Release|Win32
		{40ADD8F0-58A2-4E92-A8CB-FB7CB1BEA20F}.Release|x86.ActiveCfg = Release|Win32
		{40ADD8F0-58A2-4E92-A8CB-FB7CB1BEA20F}.RelWithDebInfo|Any CPU.ActiveCfg = Release|Win32
		{40ADD8F0-58A2-4E92-A8CB-FB7CB1BEA20F}.RelWithDebInfo|Mixed Platforms.ActiveCfg = Release|Win32
		{40ADD8F0-58A2-4E92-A8CB-FB7CB1BEA20F}.RelWithDebInfo|Mixed Platforms.Build.0 = Release|Win32
		{40ADD8F0-58A2-4E92-A8CB-FB7CB1BEA20F}.RelWithDebInfo|Win32.ActiveCfg = Release|Win32
		{40ADD8F0-58A2-4E92-A8CB-FB7CB1BEA20F}.RelWithDebInfo|Win32.Build.0 = Release|Win32
		{40ADD8F0-58A2-4E92-A8CB-FB7CB1BEA20F}.RelWithDebInfo|x64.ActiveCfg = Release|Win32
		{40ADD8F0-58A2-4E92-A8CB-FB7CB1BEA20F}.RelWithDebInfo|x86.ActiveCfg = Release|Win32
	EndGlobalSection
	GlobalSection(SolutionProperties) = preSolution
		HideSolutionNode = FALSE
	EndGlobalSection
EndGlobal
